# THIS IS AN AUTOGENERATED FILE. DO NOT EDIT THIS FILE DIRECTLY.
# yarn lockfile v1


"2kenizer@*":
  version "0.1.6"
  resolved "https://registry.yarnpkg.com/2kenizer/-/2kenizer-0.1.6.tgz#a4cc5263894aedec995493af7735f87872f6b390"

bootstrap@3.3.7:
  version "3.3.7"
  resolved "https://registry.yarnpkg.com/bootstrap/-/bootstrap-3.3.7.tgz#5a389394549f23330875a3b150656574f8a9eb71"

javascript@^1.0.0:
  version "1.0.0"
  resolved "https://registry.yarnpkg.com/javascript/-/javascript-1.0.0.tgz#186c6d8d73fe9dae5cded839de8e60ec7826ec86"

jquery@^3.3.1:
  version "3.3.1"
  resolved "https://registry.yarnpkg.com/jquery/-/jquery-3.3.1.tgz#958ce29e81c9790f31be7792df5d4d95fc57fbca"

node-bin-setup@^1.0.0:
  version "1.0.6"
  resolved "https://registry.yarnpkg.com/node-bin-setup/-/node-bin-setup-1.0.6.tgz#4b5c9bb937ece702d7069b36ca78af4684677528"

node@^10.8.0:
  version "10.8.0"
  resolved "https://registry.yarnpkg.com/node/-/node-10.8.0.tgz#493a6bba247bedbdd8143b988cb80044f94d1f79"
  dependencies:
    node-bin-setup "^1.0.0"

php@^0.0.1:
  version "0.0.1"
  resolved "https://registry.yarnpkg.com/php/-/php-0.0.1.tgz#df88ec9c7add9146b1578dd18eb30fb929cbc2cc"
  dependencies:
    "2kenizer" "*"
    sjs "*"

popper.js@^1.14.3:
  version "1.14.3"
  resolved "https://registry.yarnpkg.com/popper.js/-/popper.js-1.14.3.tgz#1438f98d046acf7b4d78cd502bf418ac64d4f095"

sjs@*:
  version "0.0.3"
  resolved "https://registry.yarnpkg.com/sjs/-/sjs-0.0.3.tgz#38cb101cfbe57b7f6aaee70062d5b59f8f9b0273"
  dependencies:
    "2kenizer" "*"
